// !$*UTF8*$!
{
	archiveVersion = 1;
	classes = {
	};
	objectVersion = 46;
	objects = {

/* Begin PBXBuildFile section */
		788900641C0F932800C13061 /* OTAppDelegate.m in Sources */ = {isa = PBXBuildFile; fileRef = 788900601C0F932800C13061 /* OTAppDelegate.m */; };
		788900651C0F932800C13061 /* main.m in Sources */ = {isa = PBXBuildFile; fileRef = 788900611C0F932800C13061 /* main.m */; };
		788900661C0F932800C13061 /* OTMainViewController.m in Sources */ = {isa = PBXBuildFile; fileRef = 788900631C0F932800C13061 /* OTMainViewController.m */; };
		788900681C0F933A00C13061 /* Images.xcassets in Resources */ = {isa = PBXBuildFile; fileRef = 788900671C0F933A00C13061 /* Images.xcassets */; };
		7889006B1C0F934D00C13061 /* LaunchScreen.xib in Resources */ = {isa = PBXBuildFile; fileRef = 788900691C0F934D00C13061 /* LaunchScreen.xib */; };
		7889006C1C0F934D00C13061 /* Main.storyboard in Resources */ = {isa = PBXBuildFile; fileRef = 7889006A1C0F934D00C13061 /* Main.storyboard */; };
/* End PBXBuildFile section */

/* Begin PBXFileReference section */
		788900331C0F916900C13061 /* Octabrain test.app */ = {isa = PBXFileReference; explicitFileType = wrapper.application; includeInIndex = 0; path = "Octabrain test.app"; sourceTree = BUILT_PRODUCTS_DIR; };
		788900371C0F916900C13061 /* Info.plist */ = {isa = PBXFileReference; lastKnownFileType = text.plist.xml; path = Info.plist; sourceTree = "<group>"; };
		7889005F1C0F932800C13061 /* OTAppDelegate.h */ = {isa = PBXFileReference; fileEncoding = 4; lastKnownFileType = sourcecode.c.h; name = OTAppDelegate.h; path = Code/OTAppDelegate.h; sourceTree = "<group>"; };
		788900601C0F932800C13061 /* OTAppDelegate.m */ = {isa = PBXFileReference; fileEncoding = 4; lastKnownFileType = sourcecode.c.objc; name = OTAppDelegate.m; path = Code/OTAppDelegate.m; sourceTree = "<group>"; };
		788900611C0F932800C13061 /* main.m */ = {isa = PBXFileReference; fileEncoding = 4; lastKnownFileType = sourcecode.c.objc; name = main.m; path = Code/main.m; sourceTree = "<group>"; };
		788900621C0F932800C13061 /* OTMainViewController.h */ = {isa = PBXFileReference; fileEncoding = 4; lastKnownFileType = sourcecode.c.h; name = OTMainViewController.h; path = Code/OTMainViewController.h; sourceTree = "<group>"; };
		788900631C0F932800C13061 /* OTMainViewController.m */ = {isa = PBXFileReference; fileEncoding = 4; lastKnownFileType = sourcecode.c.objc; name = OTMainViewController.m; path = Code/OTMainViewController.m; sourceTree = "<group>"; };
		788900671C0F933A00C13061 /* Images.xcassets */ = {isa = PBXFileReference; lastKnownFileType = folder.assetcatalog; name = Images.xcassets; path = Resources/Images.xcassets; sourceTree = "<group>"; };
		788900691C0F934D00C13061 /* LaunchScreen.xib */ = {isa = PBXFileReference; fileEncoding = 4; lastKnownFileType = file.xib; name = LaunchScreen.xib; path = "User interface/LaunchScreen.xib"; sourceTree = "<group>"; };
		7889006A1C0F934D00C13061 /* Main.storyboard */ = {isa = PBXFileReference; fileEncoding = 4; lastKnownFileType = file.storyboard; name = Main.storyboard; path = "User interface/Main.storyboard"; sourceTree = "<group>"; };
/* End PBXFileReference section */

/* Begin PBXFrameworksBuildPhase section */
		788900301C0F916900C13061 /* Frameworks */ = {
			isa = PBXFrameworksBuildPhase;
			buildActionMask = 2147483647;
			files = (
			);
			runOnlyForDeploymentPostprocessing = 0;
		};
/* End PBXFrameworksBuildPhase section */

/* Begin PBXGroup section */
		7889002A1C0F916800C13061 = {
			isa = PBXGroup;
			children = (
				788900351C0F916900C13061 /* Octabrain test */,
				788900341C0F916900C13061 /* Products */,
			);
			sourceTree = "<group>";
		};
		788900341C0F916900C13061 /* Products */ = {
			isa = PBXGroup;
			children = (
				788900331C0F916900C13061 /* Octabrain test.app */,
			);
			name = Products;
			sourceTree = "<group>";
		};
		788900351C0F916900C13061 /* Octabrain test */ = {
			isa = PBXGroup;
			children = (
				7889005E1C0F92C100C13061 /* Code */,
				788900371C0F916900C13061 /* Info.plist */,
				7889005D1C0F927200C13061 /* Resources */,
				7889005C1C0F91F900C13061 /* User interface */,
			);
			path = "Octabrain test";
			sourceTree = "<group>";
		};
		7889005C1C0F91F900C13061 /* User interface */ = {
			isa = PBXGroup;
			children = (
				788900691C0F934D00C13061 /* LaunchScreen.xib */,
				7889006A1C0F934D00C13061 /* Main.storyboard */,
			);
			name = "User interface";
			sourceTree = "<group>";
		};
		7889005D1C0F927200C13061 /* Resources */ = {
			isa = PBXGroup;
			children = (
				788900671C0F933A00C13061 /* Images.xcassets */,
			);
			name = Resources;
			sourceTree = "<group>";
		};
		7889005E1C0F92C100C13061 /* Code */ = {
			isa = PBXGroup;
			children = (
				788900611C0F932800C13061 /* main.m */,
				7889005F1C0F932800C13061 /* OTAppDelegate.h */,
				788900601C0F932800C13061 /* OTAppDelegate.m */,
				788900621C0F932800C13061 /* OTMainViewController.h */,
				788900631C0F932800C13061 /* OTMainViewController.m */,
			);
			name = Code;
			sourceTree = "<group>";
		};
/* End PBXGroup section */

/* Begin PBXNativeTarget section */
		788900321C0F916900C13061 /* Octabrain test */ = {
			isa = PBXNativeTarget;
			buildConfigurationList = 788900561C0F916A00C13061 /* Build configuration list for PBXNativeTarget "Octabrain test" */;
			buildPhases = (
				7889002F1C0F916900C13061 /* Sources */,
				788900301C0F916900C13061 /* Frameworks */,
				788900311C0F916900C13061 /* Resources */,
			);
			buildRules = (
			);
			dependencies = (
			);
			name = "Octabrain test";
			productName = "Octabrain test";
			productReference = 788900331C0F916900C13061 /* Octabrain test.app */;
			productType = "com.apple.product-type.application";
		};
/* End PBXNativeTarget section */

/* Begin PBXProject section */
		7889002B1C0F916800C13061 /* Project object */ = {
			isa = PBXProject;
			attributes = {
				LastUpgradeCheck = 0640;
				ORGANIZATIONNAME = ISY;
				TargetAttributes = {
					788900321C0F916900C13061 = {
						CreatedOnToolsVersion = 6.4;
					};
				};
			};
			buildConfigurationList = 7889002E1C0F916900C13061 /* Build configuration list for PBXProject "Octabrain test" */;
			compatibilityVersion = "Xcode 3.2";
			developmentRegion = English;
			hasScannedForEncodings = 0;
			knownRegions = (
				en,
				Base,
			);
			mainGroup = 7889002A1C0F916800C13061;
			productRefGroup = 788900341C0F916900C13061 /* Products */;
			projectDirPath = "";
			projectRoot = "";
			targets = (
				788900321C0F916900C13061 /* Octabrain test */,
			);
		};
/* End PBXProject section */

/* Begin PBXResourcesBuildPhase section */
		788900311C0F916900C13061 /* Resources */ = {
			isa = PBXResourcesBuildPhase;
			buildActionMask = 2147483647;
			files = (
				7889006C1C0F934D00C13061 /* Main.storyboard in Resources */,
				7889006B1C0F934D00C13061 /* LaunchScreen.xib in Resources */,
				788900681C0F933A00C13061 /* Images.xcassets in Resources */,
			);
			runOnlyForDeploymentPostprocessing = 0;
		};
/* End PBXResourcesBuildPhase section */

/* Begin PBXSourcesBuildPhase section */
		7889002F1C0F916900C13061 /* Sources */ = {
			isa = PBXSourcesBuildPhase;
			buildActionMask = 2147483647;
			files = (
				788900661C0F932800C13061 /* OTMainViewController.m in Sources */,
				788900651C0F932800C13061 /* main.m in Sources */,
				788900641C0F932800C13061 /* OTAppDelegate.m in Sources */,
			);
			runOnlyForDeploymentPostprocessing = 0;
		};
/* End PBXSourcesBuildPhase section */

/* Begin XCBuildConfiguration section */
		788900541C0F916A00C13061 /* Debug */ = {
			isa = XCBuildConfiguration;
			buildSettings = {
				ALWAYS_SEARCH_USER_PATHS = NO;
				CLANG_CXX_LANGUAGE_STANDARD = "gnu++0x";
				CLANG_CXX_LIBRARY = "libc++";
				CLANG_ENABLE_MODULES = YES;
				CLANG_ENABLE_OBJC_ARC = YES;
				CLANG_WARN_BOOL_CONVERSION = YES;
				CLANG_WARN_CONSTANT_CONVERSION = YES;
				CLANG_WARN_DIRECT_OBJC_ISA_USAGE = YES_ERROR;
				CLANG_WARN_EMPTY_BODY = YES;
				CLANG_WARN_ENUM_CONVERSION = YES;
				CLANG_WARN_INT_CONVERSION = YES;
				CLANG_WARN_OBJC_ROOT_CLASS = YES_ERROR;
				CLANG_WARN_UNREACHABLE_CODE = YES;
				CLANG_WARN__DUPLICATE_METHOD_MATCH = YES;
				"CODE_SIGN_IDENTITY[sdk=iphoneos*]" = "iPhone Developer";
				COPY_PHASE_STRIP = NO;
				DEBUG_INFORMATION_FORMAT = "dwarf-with-dsym";
				ENABLE_STRICT_OBJC_MSGSEND = YES;
				GCC_C_LANGUAGE_STANDARD = gnu99;
				GCC_DYNAMIC_NO_PIC = NO;
				GCC_NO_COMMON_BLOCKS = YES;
				GCC_OPTIMIZATION_LEVEL = 0;
				GCC_PREPROCESSOR_DEFINITIONS = (
					"DEBUG=1",
					"$(inherited)",
				);
				GCC_SYMBOLS_PRIVATE_EXTERN = NO;
				GCC_WARN_64_TO_32_BIT_CONVERSION = YES;
				GCC_WARN_ABOUT_RETURN_TYPE = YES_ERROR;
				GCC_WARN_UNDECLARED_SELECTOR = YES;
				GCC_WARN_UNINITIALIZED_AUTOS = YES_AGGRESSIVE;
				GCC_WARN_UNUSED_FUNCTION = YES;
				GCC_WARN_UNUSED_VARIABLE = YES;
				IPHONEOS_DEPLOYMENT_TARGET = 8.4;
				MTL_ENABLE_DEBUG_INFO = YES;
				ONLY_ACTIVE_ARCH = YES;
				SDKROOT = iphoneos;
				TARGETED_DEVICE_FAMILY = "1,2";
			};
			name = Debug;
		};
		788900551C0F916A00C13061 /* Release */ = {
			isa = XCBuildConfiguration;
			buildSettings = {
				ALWAYS_SEARCH_USER_PATHS = NO;
				CLANG_CXX_LANGUAGE_STANDARD = "gnu++0x";
				CLANG_CXX_LIBRARY = "libc++";
				CLANG_ENABLE_MODULES = YES;
				CLANG_ENABLE_OBJC_ARC = YES;
				CLANG_WARN_BOOL_CONVERSION = YES;
				CLANG_WARN_CONSTANT_CONVERSION = YES;
				CLANG_WARN_DIRECT_OBJC_ISA_USAGE = YES_ERROR;
				CLANG_WARN_EMPTY_BODY = YES;
				CLANG_WARN_ENUM_CONVERSION = YES;
				CLANG_WARN_INT_CONVERSION = YES;
				CLANG_WARN_OBJC_ROOT_CLASS = YES_ERROR;
				CLANG_WARN_UNREACHABLE_CODE = YES;
				CLANG_WARN__DUPLICATE_METHOD_MATCH = YES;
				"CODE_SIGN_IDENTITY[sdk=iphoneos*]" = "iPhone Developer";
				COPY_PHASE_STRIP = NO;
				DEBUG_INFORMATION_FORMAT = "dwarf-with-dsym";
				ENABLE_NS_ASSERTIONS = NO;
				ENABLE_STRICT_OBJC_MSGSEND = YES;
				GCC_C_LANGUAGE_STANDARD = gnu99;
				GCC_NO_COMMON_BLOCKS = YES;
				GCC_WARN_64_TO_32_BIT_CONVERSION = YES;
				GCC_WARN_ABOUT_RETURN_TYPE = YES_ERROR;
				GCC_WARN_UNDECLARED_SELECTOR = YES;
				GCC_WARN_UNINITIALIZED_AUTOS = YES_AGGRESSIVE;
				GCC_WARN_UNUSED_FUNCTION = YES;
				GCC_WARN_UNUSED_VARIABLE = YES;
				IPHONEOS_DEPLOYMENT_TARGET = 8.4;
				MTL_ENABLE_DEBUG_INFO = NO;
				SDKROOT = iphoneos;
				TARGETED_DEVICE_FAMILY = "1,2";
				VALIDATE_PRODUCT = YES;
			};
			name = Release;
		};
		788900571C0F916A00C13061 /* Debug */ = {
			isa = XCBuildConfiguration;
			buildSettings = {
				ASSETCATALOG_COMPILER_APPICON_NAME = AppIcon;
				INFOPLIST_FILE = "Octabrain test/Info.plist";
				LD_RUNPATH_SEARCH_PATHS = "$(inherited) @executable_path/Frameworks";
				PRODUCT_NAME = "$(TARGET_NAME)";
			};
			name = Debug;
		};
		788900581C0F916A00C13061 /* Release */ = {
			isa = XCBuildConfiguration;
			buildSettings = {
				ASSETCATALOG_COMPILER_APPICON_NAME = AppIcon;
				INFOPLIST_FILE = "Octabrain test/Info.plist";
				LD_RUNPATH_SEARCH_PATHS = "$(inherited) @executable_path/Frameworks";
				PRODUCT_NAME = "$(TARGET_NAME)";
			};
			name = Release;
		};
/* End XCBuildConfiguration section */

/* Begin XCConfigurationList section */
		7889002E1C0F916900C13061 /* Build configuration list for PBXProject "Octabrain test" */ = {
			isa = XCConfigurationList;
			buildConfigurations = (
				788900541C0F916A00C13061 /* Debug */,
				788900551C0F916A00C13061 /* Release */,
			);
			defaultConfigurationIsVisible = 0;
			defaultConfigurationName = Release;
		};
		788900561C0F916A00C13061 /* Build configuration list for PBXNativeTarget "Octabrain test" */ = {
			isa = XCConfigurationList;
			buildConfigurations = (
				788900571C0F916A00C13061 /* Debug */,
				788900581C0F916A00C13061 /* Release */,
			);
			defaultConfigurationIsVisible = 0;
		};
/* End XCConfigurationList section */
	};
	rootObject = 7889002B1C0F916800C13061 /* Project object */;
}
