// !$*UTF8*$!
{
	archiveVersion = 1;
	classes = {
	};
	objectVersion = 46;
	objects = {

/* Begin PBXBuildFile section */
		788900391C0F916900C13061 /* main.m in Sources */ = {isa = PBXBuildFile; fileRef = 788900381C0F916900C13061 /* main.m */; };
		7889003C1C0F916900C13061 /* AppDelegate.m in Sources */ = {isa = PBXBuildFile; fileRef = 7889003B1C0F916900C13061 /* AppDelegate.m */; };
		7889003F1C0F916900C13061 /* ViewController.m in Sources */ = {isa = PBXBuildFile; fileRef = 7889003E1C0F916900C13061 /* ViewController.m */; };
		788900421C0F916A00C13061 /* Main.storyboard in Resources */ = {isa = PBXBuildFile; fileRef = 788900401C0F916A00C13061 /* Main.storyboard */; };
		788900441C0F916A00C13061 /* Images.xcassets in Resources */ = {isa = PBXBuildFile; fileRef = 788900431C0F916A00C13061 /* Images.xcassets */; };
		788900471C0F916A00C13061 /* LaunchScreen.xib in Resources */ = {isa = PBXBuildFile; fileRef = 788900451C0F916A00C13061 /* LaunchScreen.xib */; };
		788900531C0F916A00C13061 /* Octabrain_testTests.m in Sources */ = {isa = PBXBuildFile; fileRef = 788900521C0F916A00C13061 /* Octabrain_testTests.m */; };
/* End PBXBuildFile section */

/* Begin PBXContainerItemProxy section */
		7889004D1C0F916A00C13061 /* PBXContainerItemProxy */ = {
			isa = PBXContainerItemProxy;
			containerPortal = 7889002B1C0F916800C13061 /* Project object */;
			proxyType = 1;
			remoteGlobalIDString = 788900321C0F916900C13061;
			remoteInfo = "Octabrain test";
		};
/* End PBXContainerItemProxy section */

/* Begin PBXFileReference section */
		788900331C0F916900C13061 /* Octabrain test.app */ = {isa = PBXFileReference; explicitFileType = wrapper.application; includeInIndex = 0; path = "Octabrain test.app"; sourceTree = BUILT_PRODUCTS_DIR; };
		788900371C0F916900C13061 /* Info.plist */ = {isa = PBXFileReference; lastKnownFileType = text.plist.xml; path = Info.plist; sourceTree = "<group>"; };
		788900381C0F916900C13061 /* main.m */ = {isa = PBXFileReference; lastKnownFileType = sourcecode.c.objc; path = main.m; sourceTree = "<group>"; };
		7889003A1C0F916900C13061 /* AppDelegate.h */ = {isa = PBXFileReference; lastKnownFileType = sourcecode.c.h; path = AppDelegate.h; sourceTree = "<group>"; };
		7889003B1C0F916900C13061 /* AppDelegate.m */ = {isa = PBXFileReference; lastKnownFileType = sourcecode.c.objc; path = AppDelegate.m; sourceTree = "<group>"; };
		7889003D1C0F916900C13061 /* ViewController.h */ = {isa = PBXFileReference; lastKnownFileType = sourcecode.c.h; path = ViewController.h; sourceTree = "<group>"; };
		7889003E1C0F916900C13061 /* ViewController.m */ = {isa = PBXFileReference; lastKnownFileType = sourcecode.c.objc; path = ViewController.m; sourceTree = "<group>"; };
		788900411C0F916A00C13061 /* Base */ = {isa = PBXFileReference; lastKnownFileType = file.storyboard; name = Base; path = Base.lproj/Main.storyboard; sourceTree = "<group>"; };
		788900431C0F916A00C13061 /* Images.xcassets */ = {isa = PBXFileReference; lastKnownFileType = folder.assetcatalog; path = Images.xcassets; sourceTree = "<group>"; };
		788900461C0F916A00C13061 /* Base */ = {isa = PBXFileReference; lastKnownFileType = file.xib; name = Base; path = Base.lproj/LaunchScreen.xib; sourceTree = "<group>"; };
		7889004C1C0F916A00C13061 /* Octabrain testTests.xctest */ = {isa = PBXFileReference; explicitFileType = wrapper.cfbundle; includeInIndex = 0; path = "Octabrain testTests.xctest"; sourceTree = BUILT_PRODUCTS_DIR; };
		788900511C0F916A00C13061 /* Info.plist */ = {isa = PBXFileReference; lastKnownFileType = text.plist.xml; path = Info.plist; sourceTree = "<group>"; };
		788900521C0F916A00C13061 /* Octabrain_testTests.m */ = {isa = PBXFileReference; lastKnownFileType = sourcecode.c.objc; path = Octabrain_testTests.m; sourceTree = "<group>"; };
/* End PBXFileReference section */

/* Begin PBXFrameworksBuildPhase section */
		788900301C0F916900C13061 /* Frameworks */ = {
			isa = PBXFrameworksBuildPhase;
			buildActionMask = 2147483647;
			files = (
			);
			runOnlyForDeploymentPostprocessing = 0;
		};
		788900491C0F916A00C13061 /* Frameworks */ = {
			isa = PBXFrameworksBuildPhase;
			buildActionMask = 2147483647;
			files = (
			);
			runOnlyForDeploymentPostprocessing = 0;
		};
/* End PBXFrameworksBuildPhase section */

/* Begin PBXGroup section */
		7889002A1C0F916800C13061 = {
			isa = PBXGroup;
			children = (
				788900351C0F916900C13061 /* Octabrain test */,
				7889004F1C0F916A00C13061 /* Octabrain testTests */,
				788900341C0F916900C13061 /* Products */,
			);
			sourceTree = "<group>";
		};
		788900341C0F916900C13061 /* Products */ = {
			isa = PBXGroup;
			children = (
				788900331C0F916900C13061 /* Octabrain test.app */,
				7889004C1C0F916A00C13061 /* Octabrain testTests.xctest */,
			);
			name = Products;
			sourceTree = "<group>";
		};
		788900351C0F916900C13061 /* Octabrain test */ = {
			isa = PBXGroup;
			children = (
				7889003A1C0F916900C13061 /* AppDelegate.h */,
				7889003B1C0F916900C13061 /* AppDelegate.m */,
				7889003D1C0F916900C13061 /* ViewController.h */,
				7889003E1C0F916900C13061 /* ViewController.m */,
				788900401C0F916A00C13061 /* Main.storyboard */,
				788900431C0F916A00C13061 /* Images.xcassets */,
				788900451C0F916A00C13061 /* LaunchScreen.xib */,
				788900361C0F916900C13061 /* Supporting Files */,
			);
			path = "Octabrain test";
			sourceTree = "<group>";
		};
		788900361C0F916900C13061 /* Supporting Files */ = {
			isa = PBXGroup;
			children = (
				788900371C0F916900C13061 /* Info.plist */,
				788900381C0F916900C13061 /* main.m */,
			);
			name = "Supporting Files";
			sourceTree = "<group>";
		};
		7889004F1C0F916A00C13061 /* Octabrain testTests */ = {
			isa = PBXGroup;
			children = (
				788900521C0F916A00C13061 /* Octabrain_testTests.m */,
				788900501C0F916A00C13061 /* Supporting Files */,
			);
			path = "Octabrain testTests";
			sourceTree = "<group>";
		};
		788900501C0F916A00C13061 /* Supporting Files */ = {
			isa = PBXGroup;
			children = (
				788900511C0F916A00C13061 /* Info.plist */,
			);
			name = "Supporting Files";
			sourceTree = "<group>";
		};
/* End PBXGroup section */

/* Begin PBXNativeTarget section */
		788900321C0F916900C13061 /* Octabrain test */ = {
			isa = PBXNativeTarget;
			buildConfigurationList = 788900561C0F916A00C13061 /* Build configuration list for PBXNativeTarget "Octabrain test" */;
			buildPhases = (
				7889002F1C0F916900C13061 /* Sources */,
				788900301C0F916900C13061 /* Frameworks */,
				788900311C0F916900C13061 /* Resources */,
			);
			buildRules = (
			);
			dependencies = (
			);
			name = "Octabrain test";
			productName = "Octabrain test";
			productReference = 788900331C0F916900C13061 /* Octabrain test.app */;
			productType = "com.apple.product-type.application";
		};
		7889004B1C0F916A00C13061 /* Octabrain testTests */ = {
			isa = PBXNativeTarget;
			buildConfigurationList = 788900591C0F916A00C13061 /* Build configuration list for PBXNativeTarget "Octabrain testTests" */;
			buildPhases = (
				788900481C0F916A00C13061 /* Sources */,
				788900491C0F916A00C13061 /* Frameworks */,
				7889004A1C0F916A00C13061 /* Resources */,
			);
			buildRules = (
			);
			dependencies = (
				7889004E1C0F916A00C13061 /* PBXTargetDependency */,
			);
			name = "Octabrain testTests";
			productName = "Octabrain testTests";
			productReference = 7889004C1C0F916A00C13061 /* Octabrain testTests.xctest */;
			productType = "com.apple.product-type.bundle.unit-test";
		};
/* End PBXNativeTarget section */

/* Begin PBXProject section */
		7889002B1C0F916800C13061 /* Project object */ = {
			isa = PBXProject;
			attributes = {
				LastUpgradeCheck = 0640;
				ORGANIZATIONNAME = ISY;
				TargetAttributes = {
					788900321C0F916900C13061 = {
						CreatedOnToolsVersion = 6.4;
					};
					7889004B1C0F916A00C13061 = {
						CreatedOnToolsVersion = 6.4;
						TestTargetID = 788900321C0F916900C13061;
					};
				};
			};
			buildConfigurationList = 7889002E1C0F916900C13061 /* Build configuration list for PBXProject "Octabrain test" */;
			compatibilityVersion = "Xcode 3.2";
			developmentRegion = English;
			hasScannedForEncodings = 0;
			knownRegions = (
				en,
				Base,
			);
			mainGroup = 7889002A1C0F916800C13061;
			productRefGroup = 788900341C0F916900C13061 /* Products */;
			projectDirPath = "";
			projectRoot = "";
			targets = (
				788900321C0F916900C13061 /* Octabrain test */,
				7889004B1C0F916A00C13061 /* Octabrain testTests */,
			);
		};
/* End PBXProject section */

/* Begin PBXResourcesBuildPhase section */
		788900311C0F916900C13061 /* Resources */ = {
			isa = PBXResourcesBuildPhase;
			buildActionMask = 2147483647;
			files = (
				788900421C0F916A00C13061 /* Main.storyboard in Resources */,
				788900471C0F916A00C13061 /* LaunchScreen.xib in Resources */,
				788900441C0F916A00C13061 /* Images.xcassets in Resources */,
			);
			runOnlyForDeploymentPostprocessing = 0;
		};
		7889004A1C0F916A00C13061 /* Resources */ = {
			isa = PBXResourcesBuildPhase;
			buildActionMask = 2147483647;
			files = (
			);
			runOnlyForDeploymentPostprocessing = 0;
		};
/* End PBXResourcesBuildPhase section */

/* Begin PBXSourcesBuildPhase section */
		7889002F1C0F916900C13061 /* Sources */ = {
			isa = PBXSourcesBuildPhase;
			buildActionMask = 2147483647;
			files = (
				7889003F1C0F916900C13061 /* ViewController.m in Sources */,
				7889003C1C0F916900C13061 /* AppDelegate.m in Sources */,
				788900391C0F916900C13061 /* main.m in Sources */,
			);
			runOnlyForDeploymentPostprocessing = 0;
		};
		788900481C0F916A00C13061 /* Sources */ = {
			isa = PBXSourcesBuildPhase;
			buildActionMask = 2147483647;
			files = (
				788900531C0F916A00C13061 /* Octabrain_testTests.m in Sources */,
			);
			runOnlyForDeploymentPostprocessing = 0;
		};
/* End PBXSourcesBuildPhase section */

/* Begin PBXTargetDependency section */
		7889004E1C0F916A00C13061 /* PBXTargetDependency */ = {
			isa = PBXTargetDependency;
			target = 788900321C0F916900C13061 /* Octabrain test */;
			targetProxy = 7889004D1C0F916A00C13061 /* PBXContainerItemProxy */;
		};
/* End PBXTargetDependency section */

/* Begin PBXVariantGroup section */
		788900401C0F916A00C13061 /* Main.storyboard */ = {
			isa = PBXVariantGroup;
			children = (
				788900411C0F916A00C13061 /* Base */,
			);
			name = Main.storyboard;
			sourceTree = "<group>";
		};
		788900451C0F916A00C13061 /* LaunchScreen.xib */ = {
			isa = PBXVariantGroup;
			children = (
				788900461C0F916A00C13061 /* Base */,
			);
			name = LaunchScreen.xib;
			sourceTree = "<group>";
		};
/* End PBXVariantGroup section */

/* Begin XCBuildConfiguration section */
		788900541C0F916A00C13061 /* Debug */ = {
			isa = XCBuildConfiguration;
			buildSettings = {
				ALWAYS_SEARCH_USER_PATHS = NO;
				CLANG_CXX_LANGUAGE_STANDARD = "gnu++0x";
				CLANG_CXX_LIBRARY = "libc++";
				CLANG_ENABLE_MODULES = YES;
				CLANG_ENABLE_OBJC_ARC = YES;
				CLANG_WARN_BOOL_CONVERSION = YES;
				CLANG_WARN_CONSTANT_CONVERSION = YES;
				CLANG_WARN_DIRECT_OBJC_ISA_USAGE = YES_ERROR;
				CLANG_WARN_EMPTY_BODY = YES;
				CLANG_WARN_ENUM_CONVERSION = YES;
				CLANG_WARN_INT_CONVERSION = YES;
				CLANG_WARN_OBJC_ROOT_CLASS = YES_ERROR;
				CLANG_WARN_UNREACHABLE_CODE = YES;
				CLANG_WARN__DUPLICATE_METHOD_MATCH = YES;
				"CODE_SIGN_IDENTITY[sdk=iphoneos*]" = "iPhone Developer";
				COPY_PHASE_STRIP = NO;
				DEBUG_INFORMATION_FORMAT = "dwarf-with-dsym";
				ENABLE_STRICT_OBJC_MSGSEND = YES;
				GCC_C_LANGUAGE_STANDARD = gnu99;
				GCC_DYNAMIC_NO_PIC = NO;
				GCC_NO_COMMON_BLOCKS = YES;
				GCC_OPTIMIZATION_LEVEL = 0;
				GCC_PREPROCESSOR_DEFINITIONS = (
					"DEBUG=1",
					"$(inherited)",
				);
				GCC_SYMBOLS_PRIVATE_EXTERN = NO;
				GCC_WARN_64_TO_32_BIT_CONVERSION = YES;
				GCC_WARN_ABOUT_RETURN_TYPE = YES_ERROR;
				GCC_WARN_UNDECLARED_SELECTOR = YES;
				GCC_WARN_UNINITIALIZED_AUTOS = YES_AGGRESSIVE;
				GCC_WARN_UNUSED_FUNCTION = YES;
				GCC_WARN_UNUSED_VARIABLE = YES;
				IPHONEOS_DEPLOYMENT_TARGET = 8.4;
				MTL_ENABLE_DEBUG_INFO = YES;
				ONLY_ACTIVE_ARCH = YES;
				SDKROOT = iphoneos;
				TARGETED_DEVICE_FAMILY = "1,2";
			};
			name = Debug;
		};
		788900551C0F916A00C13061 /* Release */ = {
			isa = XCBuildConfiguration;
			buildSettings = {
				ALWAYS_SEARCH_USER_PATHS = NO;
				CLANG_CXX_LANGUAGE_STANDARD = "gnu++0x";
				CLANG_CXX_LIBRARY = "libc++";
				CLANG_ENABLE_MODULES = YES;
				CLANG_ENABLE_OBJC_ARC = YES;
				CLANG_WARN_BOOL_CONVERSION = YES;
				CLANG_WARN_CONSTANT_CONVERSION = YES;
				CLANG_WARN_DIRECT_OBJC_ISA_USAGE = YES_ERROR;
				CLANG_WARN_EMPTY_BODY = YES;
				CLANG_WARN_ENUM_CONVERSION = YES;
				CLANG_WARN_INT_CONVERSION = YES;
				CLANG_WARN_OBJC_ROOT_CLASS = YES_ERROR;
				CLANG_WARN_UNREACHABLE_CODE = YES;
				CLANG_WARN__DUPLICATE_METHOD_MATCH = YES;
				"CODE_SIGN_IDENTITY[sdk=iphoneos*]" = "iPhone Developer";
				COPY_PHASE_STRIP = NO;
				DEBUG_INFORMATION_FORMAT = "dwarf-with-dsym";
				ENABLE_NS_ASSERTIONS = NO;
				ENABLE_STRICT_OBJC_MSGSEND = YES;
				GCC_C_LANGUAGE_STANDARD = gnu99;
				GCC_NO_COMMON_BLOCKS = YES;
				GCC_WARN_64_TO_32_BIT_CONVERSION = YES;
				GCC_WARN_ABOUT_RETURN_TYPE = YES_ERROR;
				GCC_WARN_UNDECLARED_SELECTOR = YES;
				GCC_WARN_UNINITIALIZED_AUTOS = YES_AGGRESSIVE;
				GCC_WARN_UNUSED_FUNCTION = YES;
				GCC_WARN_UNUSED_VARIABLE = YES;
				IPHONEOS_DEPLOYMENT_TARGET = 8.4;
				MTL_ENABLE_DEBUG_INFO = NO;
				SDKROOT = iphoneos;
				TARGETED_DEVICE_FAMILY = "1,2";
				VALIDATE_PRODUCT = YES;
			};
			name = Release;
		};
		788900571C0F916A00C13061 /* Debug */ = {
			isa = XCBuildConfiguration;
			buildSettings = {
				ASSETCATALOG_COMPILER_APPICON_NAME = AppIcon;
				INFOPLIST_FILE = "Octabrain test/Info.plist";
				LD_RUNPATH_SEARCH_PATHS = "$(inherited) @executable_path/Frameworks";
				PRODUCT_NAME = "$(TARGET_NAME)";
			};
			name = Debug;
		};
		788900581C0F916A00C13061 /* Release */ = {
			isa = XCBuildConfiguration;
			buildSettings = {
				ASSETCATALOG_COMPILER_APPICON_NAME = AppIcon;
				INFOPLIST_FILE = "Octabrain test/Info.plist";
				LD_RUNPATH_SEARCH_PATHS = "$(inherited) @executable_path/Frameworks";
				PRODUCT_NAME = "$(TARGET_NAME)";
			};
			name = Release;
		};
		7889005A1C0F916A00C13061 /* Debug */ = {
			isa = XCBuildConfiguration;
			buildSettings = {
				BUNDLE_LOADER = "$(TEST_HOST)";
				FRAMEWORK_SEARCH_PATHS = (
					"$(SDKROOT)/Developer/Library/Frameworks",
					"$(inherited)",
				);
				GCC_PREPROCESSOR_DEFINITIONS = (
					"DEBUG=1",
					"$(inherited)",
				);
				INFOPLIST_FILE = "Octabrain testTests/Info.plist";
				LD_RUNPATH_SEARCH_PATHS = "$(inherited) @executable_path/Frameworks @loader_path/Frameworks";
				PRODUCT_NAME = "$(TARGET_NAME)";
				TEST_HOST = "$(BUILT_PRODUCTS_DIR)/Octabrain test.app/Octabrain test";
			};
			name = Debug;
		};
		7889005B1C0F916A00C13061 /* Release */ = {
			isa = XCBuildConfiguration;
			buildSettings = {
				BUNDLE_LOADER = "$(TEST_HOST)";
				FRAMEWORK_SEARCH_PATHS = (
					"$(SDKROOT)/Developer/Library/Frameworks",
					"$(inherited)",
				);
				INFOPLIST_FILE = "Octabrain testTests/Info.plist";
				LD_RUNPATH_SEARCH_PATHS = "$(inherited) @executable_path/Frameworks @loader_path/Frameworks";
				PRODUCT_NAME = "$(TARGET_NAME)";
				TEST_HOST = "$(BUILT_PRODUCTS_DIR)/Octabrain test.app/Octabrain test";
			};
			name = Release;
		};
/* End XCBuildConfiguration section */

/* Begin XCConfigurationList section */
		7889002E1C0F916900C13061 /* Build configuration list for PBXProject "Octabrain test" */ = {
			isa = XCConfigurationList;
			buildConfigurations = (
				788900541C0F916A00C13061 /* Debug */,
				788900551C0F916A00C13061 /* Release */,
			);
			defaultConfigurationIsVisible = 0;
			defaultConfigurationName = Release;
		};
		788900561C0F916A00C13061 /* Build configuration list for PBXNativeTarget "Octabrain test" */ = {
			isa = XCConfigurationList;
			buildConfigurations = (
				788900571C0F916A00C13061 /* Debug */,
				788900581C0F916A00C13061 /* Release */,
			);
			defaultConfigurationIsVisible = 0;
		};
		788900591C0F916A00C13061 /* Build configuration list for PBXNativeTarget "Octabrain testTests" */ = {
			isa = XCConfigurationList;
			buildConfigurations = (
				7889005A1C0F916A00C13061 /* Debug */,
				7889005B1C0F916A00C13061 /* Release */,
			);
			defaultConfigurationIsVisible = 0;
		};
/* End XCConfigurationList section */
	};
	rootObject = 7889002B1C0F916800C13061 /* Project object */;
}
